
Microsoft Visual Studio Solution File, Format Version 12.00
# Visual Studio Version 16
VisualStudioVersion = 16.0.29230.47
MinimumVisualStudioVersion = 10.0.40219.1
Project("{FAE04EC0-301F-11D3-BF4B-00C04F79EFBC}") = "Blackjack", "Blackjack\Blackjack.csproj", "{F8DFC0E4-E586-4730-A9C9-AEB65BF8B216}"
EndProject
Global
	GlobalSection(SolutionConfigurationPlatforms) = preSolution
		Debug|Any CPU = Debug|Any CPU
		Release|Any CPU = Release|Any CPU
	EndGlobalSection
	GlobalSection(ProjectConfigurationPlatforms) = postSolution
		{F8DFC0E4-E586-4730-A9C9-AEB65BF8B216}.Debug|Any CPU.ActiveCfg = Debug|Any CPU
		{F8DFC0E4-E586-4730-A9C9-AEB65BF8B216}.Debug|Any CPU.Build.0 = Debug|Any CPU
		{F8DFC0E4-E586-4730-A9C9-AEB65BF8B216}.Release|Any CPU.ActiveCfg = Release|Any CPU
		{F8DFC0E4-E586-4730-A9C9-AEB65BF8B216}.Release|Any CPU.Build.0 = Release|Any CPU
	EndGlobalSection
	GlobalSection(SolutionProperties) = preSolution
		HideSolutionNode = FALSE
	EndGlobalSection
	GlobalSection(ExtensibilityGlobals) = postSolution
		SolutionGuid = {5BF1C91C-5A36-4FB0-AEE9-ACC47B85C4FA}
	EndGlobalSection
EndGlobal
